// !$*UTF8*$!
{
	archiveVersion = 1;
	classes = {
	};
	objectVersion = 48;
	objects = {

/* Begin PBXBuildFile section */
		2F9987B9CD63FBB351A5028F /* Pods_DailyZap.framework in Frameworks */ = {isa = PBXBuildFile; fileRef = F757C2E7338FF3362A760FC7 /* Pods_DailyZap.framework */; };
		6307A7F1207D49260076BEC8 /* Result.swift in Sources */ = {isa = PBXBuildFile; fileRef = 6307A7F0207D49260076BEC8 /* Result.swift */; };
		633C43D41F846E7800DAEA46 /* Contacts.framework in Frameworks */ = {isa = PBXBuildFile; fileRef = 633C43D21F846E7800DAEA46 /* Contacts.framework */; };
		633C43D51F846E7800DAEA46 /* ContactsUI.framework in Frameworks */ = {isa = PBXBuildFile; fileRef = 633C43D31F846E7800DAEA46 /* ContactsUI.framework */; };
		633C43D71F84757D00DAEA46 /* AlertInjector.swift in Sources */ = {isa = PBXBuildFile; fileRef = 633C43D61F84757D00DAEA46 /* AlertInjector.swift */; };
		633C43DC1F847FB600DAEA46 /* AuthorizeNotificationsViewController.swift in Sources */ = {isa = PBXBuildFile; fileRef = 633C43DA1F847FB600DAEA46 /* AuthorizeNotificationsViewController.swift */; };
		633C43DD1F847FB600DAEA46 /* AuthorizeNotificationsViewController.xib in Resources */ = {isa = PBXBuildFile; fileRef = 633C43DB1F847FB600DAEA46 /* AuthorizeNotificationsViewController.xib */; };
		633C43E41F85C63500DAEA46 /* FeedViewController.xib in Resources */ = {isa = PBXBuildFile; fileRef = 633C43E21F85C63500DAEA46 /* FeedViewController.xib */; };
		633C43E71F85C85500DAEA46 /* ContactTableViewCell.swift in Sources */ = {isa = PBXBuildFile; fileRef = 633C43E51F85C85500DAEA46 /* ContactTableViewCell.swift */; };
		633C43E81F85C85500DAEA46 /* SmallContactTableViewCell.xib in Resources */ = {isa = PBXBuildFile; fileRef = 633C43E61F85C85500DAEA46 /* SmallContactTableViewCell.xib */; };
		633C43EC1F85CB5A00DAEA46 /* AnalyticsInjector.swift in Sources */ = {isa = PBXBuildFile; fileRef = 633C43EB1F85CB5A00DAEA46 /* AnalyticsInjector.swift */; };
		633C43EE1F85DCF300DAEA46 /* TwoLabelHeader.swift in Sources */ = {isa = PBXBuildFile; fileRef = 633C43ED1F85DCF300DAEA46 /* TwoLabelHeader.swift */; };
		633C43F01F85DD1200DAEA46 /* XibLoadedView.swift in Sources */ = {isa = PBXBuildFile; fileRef = 633C43EF1F85DD1200DAEA46 /* XibLoadedView.swift */; };
		633C43F21F85DE7F00DAEA46 /* TwoLabelHeader.xib in Resources */ = {isa = PBXBuildFile; fileRef = 633C43F11F85DE7F00DAEA46 /* TwoLabelHeader.xib */; };
		636FB2501FD4434900AC467C /* UIViewController+ZAP.swift in Sources */ = {isa = PBXBuildFile; fileRef = 636FB24F1FD4434900AC467C /* UIViewController+ZAP.swift */; };
		636FB2541FD4635B00AC467C /* ButtonFooter.swift in Sources */ = {isa = PBXBuildFile; fileRef = 636FB2531FD4635B00AC467C /* ButtonFooter.swift */; };
		636FB2561FD4636500AC467C /* ButtonFooter.xib in Resources */ = {isa = PBXBuildFile; fileRef = 636FB2551FD4636500AC467C /* ButtonFooter.xib */; };
		636FB2581FD469BC00AC467C /* todo.txt in Resources */ = {isa = PBXBuildFile; fileRef = 636FB2571FD469BC00AC467C /* todo.txt */; };
		636FB25A1FD4815D00AC467C /* Button.swift in Sources */ = {isa = PBXBuildFile; fileRef = 636FB2591FD4815D00AC467C /* Button.swift */; };
		636FB25C1FD48A9200AC467C /* CircleImageView.swift in Sources */ = {isa = PBXBuildFile; fileRef = 636FB25B1FD48A9200AC467C /* CircleImageView.swift */; };
		636FB2601FD497DA00AC467C /* BigContactTableViewCell.xib in Resources */ = {isa = PBXBuildFile; fileRef = 636FB25E1FD497DA00AC467C /* BigContactTableViewCell.xib */; };
		636FB2621FD4ADB300AC467C /* PointFooter.swift in Sources */ = {isa = PBXBuildFile; fileRef = 636FB2611FD4ADB300AC467C /* PointFooter.swift */; };
		636FB2641FD4ADC300AC467C /* PointFooter.xib in Resources */ = {isa = PBXBuildFile; fileRef = 636FB2631FD4ADC300AC467C /* PointFooter.xib */; };
		636FB2681FD4B9AB00AC467C /* SettingsViewController.swift in Sources */ = {isa = PBXBuildFile; fileRef = 636FB2661FD4B9AB00AC467C /* SettingsViewController.swift */; };
		636FB2691FD4B9AB00AC467C /* SettingsViewController.xib in Resources */ = {isa = PBXBuildFile; fileRef = 636FB2671FD4B9AB00AC467C /* SettingsViewController.xib */; };
		636FB26C1FD4C8F700AC467C /* SettingsTableViewCell.swift in Sources */ = {isa = PBXBuildFile; fileRef = 636FB26A1FD4C8F700AC467C /* SettingsTableViewCell.swift */; };
		636FB26D1FD4C8F700AC467C /* SettingsTableViewCell.xib in Resources */ = {isa = PBXBuildFile; fileRef = 636FB26B1FD4C8F700AC467C /* SettingsTableViewCell.xib */; };
		6370A8C61F807DAC002641D3 /* AppDelegate.swift in Sources */ = {isa = PBXBuildFile; fileRef = 6370A8C51F807DAC002641D3 /* AppDelegate.swift */; };
		6370A8C81F807DAC002641D3 /* RootViewController.swift in Sources */ = {isa = PBXBuildFile; fileRef = 6370A8C71F807DAC002641D3 /* RootViewController.swift */; };
		6370A8CD1F807DAC002641D3 /* Assets.xcassets in Resources */ = {isa = PBXBuildFile; fileRef = 6370A8CC1F807DAC002641D3 /* Assets.xcassets */; };
		6370A8D01F807DAC002641D3 /* LaunchScreen.storyboard in Resources */ = {isa = PBXBuildFile; fileRef = 6370A8CE1F807DAC002641D3 /* LaunchScreen.storyboard */; };
		6370A8DB1F807DAD002641D3 /* DailyZapTests.swift in Sources */ = {isa = PBXBuildFile; fileRef = 6370A8DA1F807DAD002641D3 /* DailyZapTests.swift */; };
		6370A8EA1F808154002641D3 /* Muli-LightItalic.ttf in Resources */ = {isa = PBXBuildFile; fileRef = 6370A8E71F808154002641D3 /* Muli-LightItalic.ttf */; };
		6370A8EB1F808154002641D3 /* Muli-Regular.ttf in Resources */ = {isa = PBXBuildFile; fileRef = 6370A8E81F808154002641D3 /* Muli-Regular.ttf */; };
		6370A8EC1F808154002641D3 /* Norwester.ttf in Resources */ = {isa = PBXBuildFile; fileRef = 6370A8E91F808154002641D3 /* Norwester.ttf */; };
		6370A8EF1F80834C002641D3 /* UIColor+ZAP.swift in Sources */ = {isa = PBXBuildFile; fileRef = 6370A8EE1F80834C002641D3 /* UIColor+ZAP.swift */; };
		6370A8F11F80880F002641D3 /* UIFont+ZAP.swift in Sources */ = {isa = PBXBuildFile; fileRef = 6370A8F01F80880F002641D3 /* UIFont+ZAP.swift */; };
		6370A8F41F8089F1002641D3 /* BaseViewController.swift in Sources */ = {isa = PBXBuildFile; fileRef = 6370A8F31F8089F1002641D3 /* BaseViewController.swift */; };
		6370A8F81F808C9A002641D3 /* Label.swift in Sources */ = {isa = PBXBuildFile; fileRef = 6370A8F71F808C9A002641D3 /* Label.swift */; };
		6370A8FE1F8099C3002641D3 /* LandingViewController.swift in Sources */ = {isa = PBXBuildFile; fileRef = 6370A8FC1F8099C3002641D3 /* LandingViewController.swift */; };
		6370A8FF1F8099C3002641D3 /* LandingViewController.xib in Resources */ = {isa = PBXBuildFile; fileRef = 6370A8FD1F8099C3002641D3 /* LandingViewController.xib */; };
		6370A9041F80B1FF002641D3 /* OnboardPageViewController.swift in Sources */ = {isa = PBXBuildFile; fileRef = 6370A9031F80B1FF002641D3 /* OnboardPageViewController.swift */; };
		637CD94B1FDB41A400892870 /* PresentationInjector.swift in Sources */ = {isa = PBXBuildFile; fileRef = 637CD94A1FDB41A400892870 /* PresentationInjector.swift */; };
		637CD94D1FDB5ADD00892870 /* NSObject+ZAP.swift in Sources */ = {isa = PBXBuildFile; fileRef = 637CD94C1FDB5ADD00892870 /* NSObject+ZAP.swift */; };
		638086C51F81DE170096CEF5 /* AppleContactsInjector.swift in Sources */ = {isa = PBXBuildFile; fileRef = 638086C41F81DE170096CEF5 /* AppleContactsInjector.swift */; };
		638086CA1F81EA6A0096CEF5 /* AuthorizeContactsViewController.swift in Sources */ = {isa = PBXBuildFile; fileRef = 638086C81F81EA6A0096CEF5 /* AuthorizeContactsViewController.swift */; };
		638086CB1F81EA6A0096CEF5 /* AuthorizeContactsViewController.xib in Resources */ = {isa = PBXBuildFile; fileRef = 638086C91F81EA6A0096CEF5 /* AuthorizeContactsViewController.xib */; };
		63995D9F207E664300955412 /* NotificationSettingsTableViewCell.swift in Sources */ = {isa = PBXBuildFile; fileRef = 63995D9D207E664300955412 /* NotificationSettingsTableViewCell.swift */; };
		63995DA0207E664300955412 /* NotificationSettingsTableViewCell.xib in Resources */ = {isa = PBXBuildFile; fileRef = 63995D9E207E664300955412 /* NotificationSettingsTableViewCell.xib */; };
		63995DA42081072500955412 /* BasePresentationController.swift in Sources */ = {isa = PBXBuildFile; fileRef = 63995DA32081072500955412 /* BasePresentationController.swift */; };
		63995DA620810A7100955412 /* SettingsPresentationController.swift in Sources */ = {isa = PBXBuildFile; fileRef = 63995DA520810A7100955412 /* SettingsPresentationController.swift */; };
		63A312FF1F93142600BA5CE1 /* Int+ZAP.swift in Sources */ = {isa = PBXBuildFile; fileRef = 63A312FE1F93142600BA5CE1 /* Int+ZAP.swift */; };
		63A313011F93179300BA5CE1 /* UserDefaultsInjector.swift in Sources */ = {isa = PBXBuildFile; fileRef = 63A313001F93179300BA5CE1 /* UserDefaultsInjector.swift */; };
		63A313031F943EB500BA5CE1 /* FeedInjector.swift in Sources */ = {isa = PBXBuildFile; fileRef = 63A313021F943EB500BA5CE1 /* FeedInjector.swift */; };
		63A313051F94494200BA5CE1 /* Contact.swift in Sources */ = {isa = PBXBuildFile; fileRef = 63A313041F94494200BA5CE1 /* Contact.swift */; };
		63A3130B1F94519800BA5CE1 /* Date+ZAP.swift in Sources */ = {isa = PBXBuildFile; fileRef = 63A3130A1F94519800BA5CE1 /* Date+ZAP.swift */; };
		63A3130D1F94550000BA5CE1 /* Feed.swift in Sources */ = {isa = PBXBuildFile; fileRef = 63A3130C1F94550000BA5CE1 /* Feed.swift */; };
		63A313111F94693E00BA5CE1 /* FeedDataController.swift in Sources */ = {isa = PBXBuildFile; fileRef = 63A313101F94693E00BA5CE1 /* FeedDataController.swift */; };
		63B9F2CE1FEC11F90070ED3F /* ContactPickerViewController.swift in Sources */ = {isa = PBXBuildFile; fileRef = 63B9F2CC1FEC11F90070ED3F /* ContactPickerViewController.swift */; };
		63B9F2CF1FEC11F90070ED3F /* ContactPickerViewController.xib in Resources */ = {isa = PBXBuildFile; fileRef = 63B9F2CD1FEC11F90070ED3F /* ContactPickerViewController.xib */; };
		63B9F2D11FEC129B0070ED3F /* FeedPresentationController.swift in Sources */ = {isa = PBXBuildFile; fileRef = 63B9F2D01FEC129B0070ED3F /* FeedPresentationController.swift */; };
		63B9F2D21FEC14570070ED3F /* FeedViewController.swift in Sources */ = {isa = PBXBuildFile; fileRef = 633C43E11F85C63500DAEA46 /* FeedViewController.swift */; };
		63B9F2D41FEC15470070ED3F /* ContactPickerDataController.swift in Sources */ = {isa = PBXBuildFile; fileRef = 63B9F2D31FEC15470070ED3F /* ContactPickerDataController.swift */; };
		63B9F2D61FEC18880070ED3F /* BaseDataController.swift in Sources */ = {isa = PBXBuildFile; fileRef = 63B9F2D51FEC18880070ED3F /* BaseDataController.swift */; };
		63CDE8541FDDB9720004296F /* ZappedPlaceholderTableViewCell.swift in Sources */ = {isa = PBXBuildFile; fileRef = 63CDE8521FDDB9720004296F /* ZappedPlaceholderTableViewCell.swift */; };
		63CDE8551FDDB9720004296F /* ZappedPlaceholderTableViewCell.xib in Resources */ = {isa = PBXBuildFile; fileRef = 63CDE8531FDDB9720004296F /* ZappedPlaceholderTableViewCell.xib */; };
		63D271EC2077C13C007AD36F /* LightningBoltView.swift in Sources */ = {isa = PBXBuildFile; fileRef = 63D271EB2077C13C007AD36F /* LightningBoltView.swift */; };
		63D271EE2077D122007AD36F /* UIView+ZAP.swift in Sources */ = {isa = PBXBuildFile; fileRef = 63D271ED2077D122007AD36F /* UIView+ZAP.swift */; };
		63D271F420791137007AD36F /* BigCountingLabel.swift in Sources */ = {isa = PBXBuildFile; fileRef = 63D271F320791137007AD36F /* BigCountingLabel.swift */; };
		63D271F920791FBA007AD36F /* SoundInjector.swift in Sources */ = {isa = PBXBuildFile; fileRef = 63D271F820791FBA007AD36F /* SoundInjector.swift */; };
		63D271FB2079202D007AD36F /* AudioToolbox.framework in Frameworks */ = {isa = PBXBuildFile; fileRef = 63D271FA2079202D007AD36F /* AudioToolbox.framework */; };
		63D271FE2079255B007AD36F /* bolt.mp3 in Resources */ = {isa = PBXBuildFile; fileRef = 63D271FC2079255B007AD36F /* bolt.mp3 */; };
		63D271FF2079255B007AD36F /* points.mp3 in Resources */ = {isa = PBXBuildFile; fileRef = 63D271FD2079255B007AD36F /* points.mp3 */; };
		63D27202207926F5007AD36F /* success.mp3 in Resources */ = {isa = PBXBuildFile; fileRef = 63D27200207926F5007AD36F /* success.mp3 */; };
		63D27203207926F5007AD36F /* points_only.mp3 in Resources */ = {isa = PBXBuildFile; fileRef = 63D27201207926F5007AD36F /* points_only.mp3 */; };
		63D27205207927DA007AD36F /* points_only.mp3 in Resources */ = {isa = PBXBuildFile; fileRef = 63D27204207927D9007AD36F /* points_only.mp3 */; };
		63D27207207ACC48007AD36F /* PointInjector.swift in Sources */ = {isa = PBXBuildFile; fileRef = 63D27206207ACC48007AD36F /* PointInjector.swift */; };
		63D27209207BC975007AD36F /* NotificationInjector.swift in Sources */ = {isa = PBXBuildFile; fileRef = 63D27208207BC975007AD36F /* NotificationInjector.swift */; };
		63DBF2BD208646A300C0A9DF /* ContactPickerPresentationController.swift in Sources */ = {isa = PBXBuildFile; fileRef = 63DBF2BC208646A300C0A9DF /* ContactPickerPresentationController.swift */; };
		63FDAA692081493B00E52F96 /* AuthorizeContactsPresentationController.swift in Sources */ = {isa = PBXBuildFile; fileRef = 63FDAA682081493B00E52F96 /* AuthorizeContactsPresentationController.swift */; };
		63FDAA6C20814D7300E52F96 /* DueEmptyTableViewCell.swift in Sources */ = {isa = PBXBuildFile; fileRef = 63FDAA6A20814D7300E52F96 /* DueEmptyTableViewCell.swift */; };
		63FDAA6D20814D7300E52F96 /* DueEmptyTableViewCell.xib in Resources */ = {isa = PBXBuildFile; fileRef = 63FDAA6B20814D7300E52F96 /* DueEmptyTableViewCell.xib */; };
		F7E25A5DC21DACEB6EF5A78F /* Pods_DailyZapTests.framework in Frameworks */ = {isa = PBXBuildFile; fileRef = 4346BBE5D83FDFDE7656D105 /* Pods_DailyZapTests.framework */; };
/* End PBXBuildFile section */

/* Begin PBXContainerItemProxy section */
		6370A8D71F807DAD002641D3 /* PBXContainerItemProxy */ = {
			isa = PBXContainerItemProxy;
			containerPortal = 6370A8BA1F807DAC002641D3 /* Project object */;
			proxyType = 1;
			remoteGlobalIDString = 6370A8C11F807DAC002641D3;
			remoteInfo = DailyZap;
		};
/* End PBXContainerItemProxy section */

/* Begin PBXFileReference section */
		4346BBE5D83FDFDE7656D105 /* Pods_DailyZapTests.framework */ = {isa = PBXFileReference; explicitFileType = wrapper.framework; includeInIndex = 0; path = Pods_DailyZapTests.framework; sourceTree = BUILT_PRODUCTS_DIR; };
		4937B9CA0563215C57864F2E /* Pods-DailyZapTests.release.xcconfig */ = {isa = PBXFileReference; includeInIndex = 1; lastKnownFileType = text.xcconfig; name = "Pods-DailyZapTests.release.xcconfig"; path = "Pods/Target Support Files/Pods-DailyZapTests/Pods-DailyZapTests.release.xcconfig"; sourceTree = "<group>"; };
		6307A7F0207D49260076BEC8 /* Result.swift */ = {isa = PBXFileReference; lastKnownFileType = sourcecode.swift; path = Result.swift; sourceTree = "<group>"; };
		633C43D21F846E7800DAEA46 /* Contacts.framework */ = {isa = PBXFileReference; lastKnownFileType = wrapper.framework; name = Contacts.framework; path = System/Library/Frameworks/Contacts.framework; sourceTree = SDKROOT; };
		633C43D31F846E7800DAEA46 /* ContactsUI.framework */ = {isa = PBXFileReference; lastKnownFileType = wrapper.framework; name = ContactsUI.framework; path = System/Library/Frameworks/ContactsUI.framework; sourceTree = SDKROOT; };
		633C43D61F84757D00DAEA46 /* AlertInjector.swift */ = {isa = PBXFileReference; lastKnownFileType = sourcecode.swift; path = AlertInjector.swift; sourceTree = "<group>"; };
		633C43DA1F847FB600DAEA46 /* AuthorizeNotificationsViewController.swift */ = {isa = PBXFileReference; lastKnownFileType = sourcecode.swift; path = AuthorizeNotificationsViewController.swift; sourceTree = "<group>"; };
		633C43DB1F847FB600DAEA46 /* AuthorizeNotificationsViewController.xib */ = {isa = PBXFileReference; lastKnownFileType = file.xib; path = AuthorizeNotificationsViewController.xib; sourceTree = "<group>"; };
		633C43E11F85C63500DAEA46 /* FeedViewController.swift */ = {isa = PBXFileReference; lastKnownFileType = sourcecode.swift; path = FeedViewController.swift; sourceTree = "<group>"; };
		633C43E21F85C63500DAEA46 /* FeedViewController.xib */ = {isa = PBXFileReference; lastKnownFileType = file.xib; path = FeedViewController.xib; sourceTree = "<group>"; };
		633C43E51F85C85500DAEA46 /* ContactTableViewCell.swift */ = {isa = PBXFileReference; lastKnownFileType = sourcecode.swift; path = ContactTableViewCell.swift; sourceTree = "<group>"; };
		633C43E61F85C85500DAEA46 /* SmallContactTableViewCell.xib */ = {isa = PBXFileReference; lastKnownFileType = file.xib; path = SmallContactTableViewCell.xib; sourceTree = "<group>"; };
		633C43EB1F85CB5A00DAEA46 /* AnalyticsInjector.swift */ = {isa = PBXFileReference; lastKnownFileType = sourcecode.swift; path = AnalyticsInjector.swift; sourceTree = "<group>"; };
		633C43ED1F85DCF300DAEA46 /* TwoLabelHeader.swift */ = {isa = PBXFileReference; lastKnownFileType = sourcecode.swift; path = TwoLabelHeader.swift; sourceTree = "<group>"; };
		633C43EF1F85DD1200DAEA46 /* XibLoadedView.swift */ = {isa = PBXFileReference; lastKnownFileType = sourcecode.swift; path = XibLoadedView.swift; sourceTree = "<group>"; };
		633C43F11F85DE7F00DAEA46 /* TwoLabelHeader.xib */ = {isa = PBXFileReference; lastKnownFileType = file.xib; path = TwoLabelHeader.xib; sourceTree = "<group>"; };
		636FB24F1FD4434900AC467C /* UIViewController+ZAP.swift */ = {isa = PBXFileReference; lastKnownFileType = sourcecode.swift; path = "UIViewController+ZAP.swift"; sourceTree = "<group>"; };
		636FB2531FD4635B00AC467C /* ButtonFooter.swift */ = {isa = PBXFileReference; lastKnownFileType = sourcecode.swift; path = ButtonFooter.swift; sourceTree = "<group>"; };
		636FB2551FD4636500AC467C /* ButtonFooter.xib */ = {isa = PBXFileReference; lastKnownFileType = file.xib; path = ButtonFooter.xib; sourceTree = "<group>"; };
		636FB2571FD469BC00AC467C /* todo.txt */ = {isa = PBXFileReference; lastKnownFileType = text; path = todo.txt; sourceTree = "<group>"; };
		636FB2591FD4815D00AC467C /* Button.swift */ = {isa = PBXFileReference; lastKnownFileType = sourcecode.swift; path = Button.swift; sourceTree = "<group>"; };
		636FB25B1FD48A9200AC467C /* CircleImageView.swift */ = {isa = PBXFileReference; lastKnownFileType = sourcecode.swift; path = CircleImageView.swift; sourceTree = "<group>"; };
		636FB25E1FD497DA00AC467C /* BigContactTableViewCell.xib */ = {isa = PBXFileReference; lastKnownFileType = file.xib; path = BigContactTableViewCell.xib; sourceTree = "<group>"; };
		636FB2611FD4ADB300AC467C /* PointFooter.swift */ = {isa = PBXFileReference; lastKnownFileType = sourcecode.swift; path = PointFooter.swift; sourceTree = "<group>"; };
		636FB2631FD4ADC300AC467C /* PointFooter.xib */ = {isa = PBXFileReference; lastKnownFileType = file.xib; path = PointFooter.xib; sourceTree = "<group>"; };
		636FB2661FD4B9AB00AC467C /* SettingsViewController.swift */ = {isa = PBXFileReference; lastKnownFileType = sourcecode.swift; path = SettingsViewController.swift; sourceTree = "<group>"; };
		636FB2671FD4B9AB00AC467C /* SettingsViewController.xib */ = {isa = PBXFileReference; lastKnownFileType = file.xib; path = SettingsViewController.xib; sourceTree = "<group>"; };
		636FB26A1FD4C8F700AC467C /* SettingsTableViewCell.swift */ = {isa = PBXFileReference; lastKnownFileType = sourcecode.swift; path = SettingsTableViewCell.swift; sourceTree = "<group>"; };
		636FB26B1FD4C8F700AC467C /* SettingsTableViewCell.xib */ = {isa = PBXFileReference; lastKnownFileType = file.xib; path = SettingsTableViewCell.xib; sourceTree = "<group>"; };
		6370A8C21F807DAC002641D3 /* DailyZap.app */ = {isa = PBXFileReference; explicitFileType = wrapper.application; includeInIndex = 0; path = DailyZap.app; sourceTree = BUILT_PRODUCTS_DIR; };
		6370A8C51F807DAC002641D3 /* AppDelegate.swift */ = {isa = PBXFileReference; lastKnownFileType = sourcecode.swift; path = AppDelegate.swift; sourceTree = "<group>"; };
		6370A8C71F807DAC002641D3 /* RootViewController.swift */ = {isa = PBXFileReference; lastKnownFileType = sourcecode.swift; path = RootViewController.swift; sourceTree = "<group>"; };
		6370A8CC1F807DAC002641D3 /* Assets.xcassets */ = {isa = PBXFileReference; lastKnownFileType = folder.assetcatalog; path = Assets.xcassets; sourceTree = "<group>"; };
		6370A8CF1F807DAC002641D3 /* Base */ = {isa = PBXFileReference; lastKnownFileType = file.storyboard; name = Base; path = Base.lproj/LaunchScreen.storyboard; sourceTree = "<group>"; };
		6370A8D11F807DAC002641D3 /* Info.plist */ = {isa = PBXFileReference; lastKnownFileType = text.plist.xml; path = Info.plist; sourceTree = "<group>"; };
		6370A8D61F807DAD002641D3 /* DailyZapTests.xctest */ = {isa = PBXFileReference; explicitFileType = wrapper.cfbundle; includeInIndex = 0; path = DailyZapTests.xctest; sourceTree = BUILT_PRODUCTS_DIR; };
		6370A8DA1F807DAD002641D3 /* DailyZapTests.swift */ = {isa = PBXFileReference; lastKnownFileType = sourcecode.swift; path = DailyZapTests.swift; sourceTree = "<group>"; };
		6370A8DC1F807DAD002641D3 /* Info.plist */ = {isa = PBXFileReference; lastKnownFileType = text.plist.xml; path = Info.plist; sourceTree = "<group>"; };
		6370A8E71F808154002641D3 /* Muli-LightItalic.ttf */ = {isa = PBXFileReference; lastKnownFileType = file; path = "Muli-LightItalic.ttf"; sourceTree = "<group>"; };
		6370A8E81F808154002641D3 /* Muli-Regular.ttf */ = {isa = PBXFileReference; lastKnownFileType = file; path = "Muli-Regular.ttf"; sourceTree = "<group>"; };
		6370A8E91F808154002641D3 /* Norwester.ttf */ = {isa = PBXFileReference; lastKnownFileType = file; path = Norwester.ttf; sourceTree = "<group>"; };
		6370A8EE1F80834C002641D3 /* UIColor+ZAP.swift */ = {isa = PBXFileReference; lastKnownFileType = sourcecode.swift; path = "UIColor+ZAP.swift"; sourceTree = "<group>"; };
		6370A8F01F80880F002641D3 /* UIFont+ZAP.swift */ = {isa = PBXFileReference; lastKnownFileType = sourcecode.swift; path = "UIFont+ZAP.swift"; sourceTree = "<group>"; };
		6370A8F31F8089F1002641D3 /* BaseViewController.swift */ = {isa = PBXFileReference; lastKnownFileType = sourcecode.swift; path = BaseViewController.swift; sourceTree = "<group>"; };
		6370A8F71F808C9A002641D3 /* Label.swift */ = {isa = PBXFileReference; lastKnownFileType = sourcecode.swift; path = Label.swift; sourceTree = "<group>"; };
		6370A8FC1F8099C3002641D3 /* LandingViewController.swift */ = {isa = PBXFileReference; lastKnownFileType = sourcecode.swift; path = LandingViewController.swift; sourceTree = "<group>"; };
		6370A8FD1F8099C3002641D3 /* LandingViewController.xib */ = {isa = PBXFileReference; lastKnownFileType = file.xib; path = LandingViewController.xib; sourceTree = "<group>"; };
		6370A9031F80B1FF002641D3 /* OnboardPageViewController.swift */ = {isa = PBXFileReference; lastKnownFileType = sourcecode.swift; path = OnboardPageViewController.swift; sourceTree = "<group>"; };
		637CD94A1FDB41A400892870 /* PresentationInjector.swift */ = {isa = PBXFileReference; lastKnownFileType = sourcecode.swift; path = PresentationInjector.swift; sourceTree = "<group>"; };
		637CD94C1FDB5ADD00892870 /* NSObject+ZAP.swift */ = {isa = PBXFileReference; lastKnownFileType = sourcecode.swift; path = "NSObject+ZAP.swift"; sourceTree = "<group>"; };
		637CD94E1FDC4D4900892870 /* MessageUI.framework */ = {isa = PBXFileReference; lastKnownFileType = wrapper.framework; name = MessageUI.framework; path = System/Library/Frameworks/MessageUI.framework; sourceTree = SDKROOT; };
		638086C41F81DE170096CEF5 /* AppleContactsInjector.swift */ = {isa = PBXFileReference; lastKnownFileType = sourcecode.swift; path = AppleContactsInjector.swift; sourceTree = "<group>"; };
		638086C81F81EA6A0096CEF5 /* AuthorizeContactsViewController.swift */ = {isa = PBXFileReference; lastKnownFileType = sourcecode.swift; path = AuthorizeContactsViewController.swift; sourceTree = "<group>"; };
		638086C91F81EA6A0096CEF5 /* AuthorizeContactsViewController.xib */ = {isa = PBXFileReference; lastKnownFileType = file.xib; path = AuthorizeContactsViewController.xib; sourceTree = "<group>"; };
		63995D9D207E664300955412 /* NotificationSettingsTableViewCell.swift */ = {isa = PBXFileReference; lastKnownFileType = sourcecode.swift; path = NotificationSettingsTableViewCell.swift; sourceTree = "<group>"; };
		63995D9E207E664300955412 /* NotificationSettingsTableViewCell.xib */ = {isa = PBXFileReference; lastKnownFileType = file.xib; path = NotificationSettingsTableViewCell.xib; sourceTree = "<group>"; };
		63995DA32081072500955412 /* BasePresentationController.swift */ = {isa = PBXFileReference; lastKnownFileType = sourcecode.swift; path = BasePresentationController.swift; sourceTree = "<group>"; };
		63995DA520810A7100955412 /* SettingsPresentationController.swift */ = {isa = PBXFileReference; lastKnownFileType = sourcecode.swift; path = SettingsPresentationController.swift; sourceTree = "<group>"; };
		63A312FE1F93142600BA5CE1 /* Int+ZAP.swift */ = {isa = PBXFileReference; lastKnownFileType = sourcecode.swift; path = "Int+ZAP.swift"; sourceTree = "<group>"; };
		63A313001F93179300BA5CE1 /* UserDefaultsInjector.swift */ = {isa = PBXFileReference; lastKnownFileType = sourcecode.swift; path = UserDefaultsInjector.swift; sourceTree = "<group>"; };
		63A313021F943EB500BA5CE1 /* FeedInjector.swift */ = {isa = PBXFileReference; lastKnownFileType = sourcecode.swift; path = FeedInjector.swift; sourceTree = "<group>"; };
		63A313041F94494200BA5CE1 /* Contact.swift */ = {isa = PBXFileReference; lastKnownFileType = sourcecode.swift; path = Contact.swift; sourceTree = "<group>"; };
		63A3130A1F94519800BA5CE1 /* Date+ZAP.swift */ = {isa = PBXFileReference; lastKnownFileType = sourcecode.swift; path = "Date+ZAP.swift"; sourceTree = "<group>"; };
		63A3130C1F94550000BA5CE1 /* Feed.swift */ = {isa = PBXFileReference; lastKnownFileType = sourcecode.swift; path = Feed.swift; sourceTree = "<group>"; };
		63A313101F94693E00BA5CE1 /* FeedDataController.swift */ = {isa = PBXFileReference; lastKnownFileType = sourcecode.swift; path = FeedDataController.swift; sourceTree = "<group>"; };
		63B9F2CC1FEC11F90070ED3F /* ContactPickerViewController.swift */ = {isa = PBXFileReference; lastKnownFileType = sourcecode.swift; path = ContactPickerViewController.swift; sourceTree = "<group>"; };
		63B9F2CD1FEC11F90070ED3F /* ContactPickerViewController.xib */ = {isa = PBXFileReference; lastKnownFileType = file.xib; path = ContactPickerViewController.xib; sourceTree = "<group>"; };
		63B9F2D01FEC129B0070ED3F /* FeedPresentationController.swift */ = {isa = PBXFileReference; lastKnownFileType = sourcecode.swift; path = FeedPresentationController.swift; sourceTree = "<group>"; };
		63B9F2D31FEC15470070ED3F /* ContactPickerDataController.swift */ = {isa = PBXFileReference; lastKnownFileType = sourcecode.swift; path = ContactPickerDataController.swift; sourceTree = "<group>"; };
		63B9F2D51FEC18880070ED3F /* BaseDataController.swift */ = {isa = PBXFileReference; lastKnownFileType = sourcecode.swift; path = BaseDataController.swift; sourceTree = "<group>"; };
		63CDE8521FDDB9720004296F /* ZappedPlaceholderTableViewCell.swift */ = {isa = PBXFileReference; lastKnownFileType = sourcecode.swift; path = ZappedPlaceholderTableViewCell.swift; sourceTree = "<group>"; };
		63CDE8531FDDB9720004296F /* ZappedPlaceholderTableViewCell.xib */ = {isa = PBXFileReference; lastKnownFileType = file.xib; path = ZappedPlaceholderTableViewCell.xib; sourceTree = "<group>"; };
		63D271EB2077C13C007AD36F /* LightningBoltView.swift */ = {isa = PBXFileReference; lastKnownFileType = sourcecode.swift; path = LightningBoltView.swift; sourceTree = "<group>"; };
		63D271ED2077D122007AD36F /* UIView+ZAP.swift */ = {isa = PBXFileReference; lastKnownFileType = sourcecode.swift; path = "UIView+ZAP.swift"; sourceTree = "<group>"; };
		63D271F320791137007AD36F /* BigCountingLabel.swift */ = {isa = PBXFileReference; lastKnownFileType = sourcecode.swift; path = BigCountingLabel.swift; sourceTree = "<group>"; };
		63D271F820791FBA007AD36F /* SoundInjector.swift */ = {isa = PBXFileReference; lastKnownFileType = sourcecode.swift; path = SoundInjector.swift; sourceTree = "<group>"; };
		63D271FA2079202D007AD36F /* AudioToolbox.framework */ = {isa = PBXFileReference; lastKnownFileType = wrapper.framework; name = AudioToolbox.framework; path = System/Library/Frameworks/AudioToolbox.framework; sourceTree = SDKROOT; };
		63D271FC2079255B007AD36F /* bolt.mp3 */ = {isa = PBXFileReference; lastKnownFileType = audio.mp3; name = bolt.mp3; path = ../../../../Assets/bolt.mp3; sourceTree = "<group>"; };
		63D271FD2079255B007AD36F /* points.mp3 */ = {isa = PBXFileReference; lastKnownFileType = audio.mp3; name = points.mp3; path = ../../../../Assets/points.mp3; sourceTree = "<group>"; };
		63D27200207926F5007AD36F /* success.mp3 */ = {isa = PBXFileReference; lastKnownFileType = audio.mp3; name = success.mp3; path = ../../../../Assets/success.mp3; sourceTree = "<group>"; };
		63D27201207926F5007AD36F /* points_only.mp3 */ = {isa = PBXFileReference; lastKnownFileType = audio.mp3; name = points_only.mp3; path = ../../../../Assets/points_only.mp3; sourceTree = "<group>"; };
		63D27204207927D9007AD36F /* points_only.mp3 */ = {isa = PBXFileReference; lastKnownFileType = audio.mp3; name = points_only.mp3; path = ../../../../Assets/points_only.mp3; sourceTree = "<group>"; };
		63D27206207ACC48007AD36F /* PointInjector.swift */ = {isa = PBXFileReference; lastKnownFileType = sourcecode.swift; path = PointInjector.swift; sourceTree = "<group>"; };
		63D27208207BC975007AD36F /* NotificationInjector.swift */ = {isa = PBXFileReference; lastKnownFileType = sourcecode.swift; path = NotificationInjector.swift; sourceTree = "<group>"; };
		63DBF2BC208646A300C0A9DF /* ContactPickerPresentationController.swift */ = {isa = PBXFileReference; lastKnownFileType = sourcecode.swift; path = ContactPickerPresentationController.swift; sourceTree = "<group>"; };
		63FDAA682081493B00E52F96 /* AuthorizeContactsPresentationController.swift */ = {isa = PBXFileReference; lastKnownFileType = sourcecode.swift; path = AuthorizeContactsPresentationController.swift; sourceTree = "<group>"; };
		63FDAA6A20814D7300E52F96 /* DueEmptyTableViewCell.swift */ = {isa = PBXFileReference; lastKnownFileType = sourcecode.swift; path = DueEmptyTableViewCell.swift; sourceTree = "<group>"; };
		63FDAA6B20814D7300E52F96 /* DueEmptyTableViewCell.xib */ = {isa = PBXFileReference; lastKnownFileType = file.xib; path = DueEmptyTableViewCell.xib; sourceTree = "<group>"; };
		8B6C9C7C0AF1E4EEEDAF5B7B /* Pods-DailyZap.release.xcconfig */ = {isa = PBXFileReference; includeInIndex = 1; lastKnownFileType = text.xcconfig; name = "Pods-DailyZap.release.xcconfig"; path = "Pods/Target Support Files/Pods-DailyZap/Pods-DailyZap.release.xcconfig"; sourceTree = "<group>"; };
		A24962998F3D6CC3A716BDB0 /* Pods-DailyZapTests.debug.xcconfig */ = {isa = PBXFileReference; includeInIndex = 1; lastKnownFileType = text.xcconfig; name = "Pods-DailyZapTests.debug.xcconfig"; path = "Pods/Target Support Files/Pods-DailyZapTests/Pods-DailyZapTests.debug.xcconfig"; sourceTree = "<group>"; };
		F757C2E7338FF3362A760FC7 /* Pods_DailyZap.framework */ = {isa = PBXFileReference; explicitFileType = wrapper.framework; includeInIndex = 0; path = Pods_DailyZap.framework; sourceTree = BUILT_PRODUCTS_DIR; };
		FA6756942DCB5BD671DBC095 /* Pods-DailyZap.debug.xcconfig */ = {isa = PBXFileReference; includeInIndex = 1; lastKnownFileType = text.xcconfig; name = "Pods-DailyZap.debug.xcconfig"; path = "Pods/Target Support Files/Pods-DailyZap/Pods-DailyZap.debug.xcconfig"; sourceTree = "<group>"; };
/* End PBXFileReference section */

/* Begin PBXFrameworksBuildPhase section */
		6370A8BF1F807DAC002641D3 /* Frameworks */ = {
			isa = PBXFrameworksBuildPhase;
			buildActionMask = 2147483647;
			files = (
				63D271FB2079202D007AD36F /* AudioToolbox.framework in Frameworks */,
				633C43D41F846E7800DAEA46 /* Contacts.framework in Frameworks */,
				633C43D51F846E7800DAEA46 /* ContactsUI.framework in Frameworks */,
				2F9987B9CD63FBB351A5028F /* Pods_DailyZap.framework in Frameworks */,
			);
			runOnlyForDeploymentPostprocessing = 0;
		};
		6370A8D31F807DAD002641D3 /* Frameworks */ = {
			isa = PBXFrameworksBuildPhase;
			buildActionMask = 2147483647;
			files = (
				F7E25A5DC21DACEB6EF5A78F /* Pods_DailyZapTests.framework in Frameworks */,
			);
			runOnlyForDeploymentPostprocessing = 0;
		};
/* End PBXFrameworksBuildPhase section */

/* Begin PBXGroup section */
		633C43D11F846E7800DAEA46 /* Frameworks */ = {
			isa = PBXGroup;
			children = (
				63D271FA2079202D007AD36F /* AudioToolbox.framework */,
				637CD94E1FDC4D4900892870 /* MessageUI.framework */,
				633C43D21F846E7800DAEA46 /* Contacts.framework */,
				633C43D31F846E7800DAEA46 /* ContactsUI.framework */,
				F757C2E7338FF3362A760FC7 /* Pods_DailyZap.framework */,
				4346BBE5D83FDFDE7656D105 /* Pods_DailyZapTests.framework */,
			);
			name = Frameworks;
			sourceTree = "<group>";
		};
		633C43E01F85C58900DAEA46 /* Main */ = {
			isa = PBXGroup;
			children = (
				63A313101F94693E00BA5CE1 /* FeedDataController.swift */,
				63B9F2D01FEC129B0070ED3F /* FeedPresentationController.swift */,
				633C43E11F85C63500DAEA46 /* FeedViewController.swift */,
				633C43E21F85C63500DAEA46 /* FeedViewController.xib */,
				633C43E51F85C85500DAEA46 /* ContactTableViewCell.swift */,
				633C43E61F85C85500DAEA46 /* SmallContactTableViewCell.xib */,
				636FB25E1FD497DA00AC467C /* BigContactTableViewCell.xib */,
				633C43ED1F85DCF300DAEA46 /* TwoLabelHeader.swift */,
				633C43F11F85DE7F00DAEA46 /* TwoLabelHeader.xib */,
				636FB2531FD4635B00AC467C /* ButtonFooter.swift */,
				636FB2551FD4636500AC467C /* ButtonFooter.xib */,
				636FB2611FD4ADB300AC467C /* PointFooter.swift */,
				636FB2631FD4ADC300AC467C /* PointFooter.xib */,
				63CDE8521FDDB9720004296F /* ZappedPlaceholderTableViewCell.swift */,
				63CDE8531FDDB9720004296F /* ZappedPlaceholderTableViewCell.xib */,
				63D271EB2077C13C007AD36F /* LightningBoltView.swift */,
				63FDAA6A20814D7300E52F96 /* DueEmptyTableViewCell.swift */,
				63FDAA6B20814D7300E52F96 /* DueEmptyTableViewCell.xib */,
			);
			path = Main;
			sourceTree = "<group>";
		};
		636FB2651FD4B98600AC467C /* Settings */ = {
			isa = PBXGroup;
			children = (
				636FB2661FD4B9AB00AC467C /* SettingsViewController.swift */,
				636FB2671FD4B9AB00AC467C /* SettingsViewController.xib */,
				636FB26A1FD4C8F700AC467C /* SettingsTableViewCell.swift */,
				636FB26B1FD4C8F700AC467C /* SettingsTableViewCell.xib */,
				63995D9D207E664300955412 /* NotificationSettingsTableViewCell.swift */,
				63995D9E207E664300955412 /* NotificationSettingsTableViewCell.xib */,
				63995DA520810A7100955412 /* SettingsPresentationController.swift */,
			);
			path = Settings;
			sourceTree = "<group>";
		};
		6370A8B91F807DAC002641D3 = {
			isa = PBXGroup;
			children = (
				6370A8C41F807DAC002641D3 /* DailyZap */,
				6370A8D91F807DAD002641D3 /* DailyZapTests */,
				6370A8C31F807DAC002641D3 /* Products */,
				633C43D11F846E7800DAEA46 /* Frameworks */,
				66A3D8A17B661A5DA4392E2C /* Pods */,
			);
			sourceTree = "<group>";
		};
		6370A8C31F807DAC002641D3 /* Products */ = {
			isa = PBXGroup;
			children = (
				6370A8C21F807DAC002641D3 /* DailyZap.app */,
				6370A8D61F807DAD002641D3 /* DailyZapTests.xctest */,
			);
			name = Products;
			sourceTree = "<group>";
		};
		6370A8C41F807DAC002641D3 /* DailyZap */ = {
			isa = PBXGroup;
			children = (
				6370A8F21F8089E3002641D3 /* Base */,
				636FB2651FD4B98600AC467C /* Settings */,
				633C43E01F85C58900DAEA46 /* Main */,
				63B9F2CB1FEC11AA0070ED3F /* ContactPicker */,
				6370A8FB1F8099A2002641D3 /* Onboard */,
				6370A8E51F80813B002641D3 /* Assets */,
				6370A8C51F807DAC002641D3 /* AppDelegate.swift */,
				6370A8C71F807DAC002641D3 /* RootViewController.swift */,
				6370A8CC1F807DAC002641D3 /* Assets.xcassets */,
				6370A8CE1F807DAC002641D3 /* LaunchScreen.storyboard */,
				6370A8D11F807DAC002641D3 /* Info.plist */,
				636FB2571FD469BC00AC467C /* todo.txt */,
			);
			path = DailyZap;
			sourceTree = "<group>";
		};
		6370A8D91F807DAD002641D3 /* DailyZapTests */ = {
			isa = PBXGroup;
			children = (
				6370A8DA1F807DAD002641D3 /* DailyZapTests.swift */,
				6370A8DC1F807DAD002641D3 /* Info.plist */,
			);
			path = DailyZapTests;
			sourceTree = "<group>";
		};
		6370A8E51F80813B002641D3 /* Assets */ = {
			isa = PBXGroup;
			children = (
				63D271F520791F1E007AD36F /* sounds */,
				6370A8E61F808154002641D3 /* fonts */,
			);
			path = Assets;
			sourceTree = "<group>";
		};
		6370A8E61F808154002641D3 /* fonts */ = {
			isa = PBXGroup;
			children = (
				6370A8E71F808154002641D3 /* Muli-LightItalic.ttf */,
				6370A8E81F808154002641D3 /* Muli-Regular.ttf */,
				6370A8E91F808154002641D3 /* Norwester.ttf */,
			);
			name = fonts;
			path = ../../../Assets/fonts;
			sourceTree = "<group>";
		};
		6370A8ED1F808305002641D3 /* Extensions */ = {
			isa = PBXGroup;
			children = (
				6370A8EE1F80834C002641D3 /* UIColor+ZAP.swift */,
				6370A8F01F80880F002641D3 /* UIFont+ZAP.swift */,
				63A312FE1F93142600BA5CE1 /* Int+ZAP.swift */,
				63A3130A1F94519800BA5CE1 /* Date+ZAP.swift */,
				636FB24F1FD4434900AC467C /* UIViewController+ZAP.swift */,
				637CD94C1FDB5ADD00892870 /* NSObject+ZAP.swift */,
				63D271ED2077D122007AD36F /* UIView+ZAP.swift */,
			);
			path = Extensions;
			sourceTree = "<group>";
		};
		6370A8F21F8089E3002641D3 /* Base */ = {
			isa = PBXGroup;
			children = (
				6370A8ED1F808305002641D3 /* Extensions */,
				638086C31F81DDCE0096CEF5 /* Injectors */,
				63A3130E1F94550900BA5CE1 /* Models */,
				6370A9021F809C42002641D3 /* Subclasses */,
				638086C21F81DDC60096CEF5 /* Controllers */,
				6307A7F0207D49260076BEC8 /* Result.swift */,
			);
			path = Base;
			sourceTree = "<group>";
		};
		6370A8FB1F8099A2002641D3 /* Onboard */ = {
			isa = PBXGroup;
			children = (
				6370A8FC1F8099C3002641D3 /* LandingViewController.swift */,
				6370A8FD1F8099C3002641D3 /* LandingViewController.xib */,
				6370A9031F80B1FF002641D3 /* OnboardPageViewController.swift */,
				63FDAA672081491700E52F96 /* AuthorizeContacts */,
				633C43DA1F847FB600DAEA46 /* AuthorizeNotificationsViewController.swift */,
				633C43DB1F847FB600DAEA46 /* AuthorizeNotificationsViewController.xib */,
			);
			path = Onboard;
			sourceTree = "<group>";
		};
		6370A9021F809C42002641D3 /* Subclasses */ = {
			isa = PBXGroup;
			children = (
				6370A8F71F808C9A002641D3 /* Label.swift */,
				636FB2591FD4815D00AC467C /* Button.swift */,
				633C43EF1F85DD1200DAEA46 /* XibLoadedView.swift */,
				636FB25B1FD48A9200AC467C /* CircleImageView.swift */,
				63D271F320791137007AD36F /* BigCountingLabel.swift */,
			);
			path = Subclasses;
			sourceTree = "<group>";
		};
		638086C21F81DDC60096CEF5 /* Controllers */ = {
			isa = PBXGroup;
			children = (
				6370A8F31F8089F1002641D3 /* BaseViewController.swift */,
				63B9F2D51FEC18880070ED3F /* BaseDataController.swift */,
				63995DA32081072500955412 /* BasePresentationController.swift */,
			);
			path = Controllers;
			sourceTree = "<group>";
		};
		638086C31F81DDCE0096CEF5 /* Injectors */ = {
			isa = PBXGroup;
			children = (
				637CD94A1FDB41A400892870 /* PresentationInjector.swift */,
				638086C41F81DE170096CEF5 /* AppleContactsInjector.swift */,
				633C43D61F84757D00DAEA46 /* AlertInjector.swift */,
				633C43EB1F85CB5A00DAEA46 /* AnalyticsInjector.swift */,
				63A313001F93179300BA5CE1 /* UserDefaultsInjector.swift */,
				63A313021F943EB500BA5CE1 /* FeedInjector.swift */,
				63D271F820791FBA007AD36F /* SoundInjector.swift */,
				63D27206207ACC48007AD36F /* PointInjector.swift */,
				63D27208207BC975007AD36F /* NotificationInjector.swift */,
			);
			path = Injectors;
			sourceTree = "<group>";
		};
		63A3130E1F94550900BA5CE1 /* Models */ = {
			isa = PBXGroup;
			children = (
				63A313041F94494200BA5CE1 /* Contact.swift */,
				63A3130C1F94550000BA5CE1 /* Feed.swift */,
			);
			path = Models;
			sourceTree = "<group>";
		};
		63B9F2CB1FEC11AA0070ED3F /* ContactPicker */ = {
			isa = PBXGroup;
			children = (
				63B9F2CC1FEC11F90070ED3F /* ContactPickerViewController.swift */,
				63B9F2CD1FEC11F90070ED3F /* ContactPickerViewController.xib */,
				63B9F2D31FEC15470070ED3F /* ContactPickerDataController.swift */,
				63DBF2BC208646A300C0A9DF /* ContactPickerPresentationController.swift */,
			);
			path = ContactPicker;
			sourceTree = "<group>";
		};
		63D271F520791F1E007AD36F /* sounds */ = {
			isa = PBXGroup;
			children = (
				63D271FC2079255B007AD36F /* bolt.mp3 */,
				63D271FD2079255B007AD36F /* points.mp3 */,
				63D27201207926F5007AD36F /* points_only.mp3 */,
				63D27204207927D9007AD36F /* points_only.mp3 */,
				63D27200207926F5007AD36F /* success.mp3 */,
			);
			path = sounds;
			sourceTree = "<group>";
		};
		63FDAA672081491700E52F96 /* AuthorizeContacts */ = {
			isa = PBXGroup;
			children = (
				638086C81F81EA6A0096CEF5 /* AuthorizeContactsViewController.swift */,
				638086C91F81EA6A0096CEF5 /* AuthorizeContactsViewController.xib */,
				63FDAA682081493B00E52F96 /* AuthorizeContactsPresentationController.swift */,
			);
			path = AuthorizeContacts;
			sourceTree = "<group>";
		};
		66A3D8A17B661A5DA4392E2C /* Pods */ = {
			isa = PBXGroup;
			children = (
				FA6756942DCB5BD671DBC095 /* Pods-DailyZap.debug.xcconfig */,
				8B6C9C7C0AF1E4EEEDAF5B7B /* Pods-DailyZap.release.xcconfig */,
				A24962998F3D6CC3A716BDB0 /* Pods-DailyZapTests.debug.xcconfig */,
				4937B9CA0563215C57864F2E /* Pods-DailyZapTests.release.xcconfig */,
			);
			name = Pods;
			sourceTree = "<group>";
		};
/* End PBXGroup section */

/* Begin PBXNativeTarget section */
		6370A8C11F807DAC002641D3 /* DailyZap */ = {
			isa = PBXNativeTarget;
			buildConfigurationList = 6370A8DF1F807DAD002641D3 /* Build configuration list for PBXNativeTarget "DailyZap" */;
			buildPhases = (
				D7A22407466D0FB1D5121331 /* [CP] Check Pods Manifest.lock */,
				6370A8BE1F807DAC002641D3 /* Sources */,
				6370A8BF1F807DAC002641D3 /* Frameworks */,
				6370A8C01F807DAC002641D3 /* Resources */,
				8179EB6E23CB1363179D4824 /* [CP] Embed Pods Frameworks */,
				8A232457F1DEED0F6462E38F /* [CP] Copy Pods Resources */,
			);
			buildRules = (
			);
			dependencies = (
			);
			name = DailyZap;
			productName = DailyZap;
			productReference = 6370A8C21F807DAC002641D3 /* DailyZap.app */;
			productType = "com.apple.product-type.application";
		};
		6370A8D51F807DAD002641D3 /* DailyZapTests */ = {
			isa = PBXNativeTarget;
			buildConfigurationList = 6370A8E21F807DAD002641D3 /* Build configuration list for PBXNativeTarget "DailyZapTests" */;
			buildPhases = (
				9DFCC4E6095CC895DF7E6623 /* [CP] Check Pods Manifest.lock */,
				6370A8D21F807DAD002641D3 /* Sources */,
				6370A8D31F807DAD002641D3 /* Frameworks */,
				6370A8D41F807DAD002641D3 /* Resources */,
				45354B27E4FC54DE37A8AA6A /* [CP] Embed Pods Frameworks */,
				9B9A5119B8F36F7F500A88B4 /* [CP] Copy Pods Resources */,
			);
			buildRules = (
			);
			dependencies = (
				6370A8D81F807DAD002641D3 /* PBXTargetDependency */,
			);
			name = DailyZapTests;
			productName = DailyZapTests;
			productReference = 6370A8D61F807DAD002641D3 /* DailyZapTests.xctest */;
			productType = "com.apple.product-type.bundle.unit-test";
		};
/* End PBXNativeTarget section */

/* Begin PBXProject section */
		6370A8BA1F807DAC002641D3 /* Project object */ = {
			isa = PBXProject;
			attributes = {
				LastSwiftUpdateCheck = 0900;
				LastUpgradeCheck = 0900;
				ORGANIZATIONNAME = dqlobo;
				TargetAttributes = {
					6370A8C11F807DAC002641D3 = {
						CreatedOnToolsVersion = 9.0;
						ProvisioningStyle = Automatic;
					};
					6370A8D51F807DAD002641D3 = {
						CreatedOnToolsVersion = 9.0;
						ProvisioningStyle = Automatic;
						TestTargetID = 6370A8C11F807DAC002641D3;
					};
				};
			};
			buildConfigurationList = 6370A8BD1F807DAC002641D3 /* Build configuration list for PBXProject "DailyZap" */;
			compatibilityVersion = "Xcode 8.0";
			developmentRegion = en;
			hasScannedForEncodings = 0;
			knownRegions = (
				en,
				Base,
			);
			mainGroup = 6370A8B91F807DAC002641D3;
			productRefGroup = 6370A8C31F807DAC002641D3 /* Products */;
			projectDirPath = "";
			projectRoot = "";
			targets = (
				6370A8C11F807DAC002641D3 /* DailyZap */,
				6370A8D51F807DAD002641D3 /* DailyZapTests */,
			);
		};
/* End PBXProject section */

/* Begin PBXResourcesBuildPhase section */
		6370A8C01F807DAC002641D3 /* Resources */ = {
			isa = PBXResourcesBuildPhase;
			buildActionMask = 2147483647;
			files = (
				6370A8FF1F8099C3002641D3 /* LandingViewController.xib in Resources */,
				6370A8EC1F808154002641D3 /* Norwester.ttf in Resources */,
				636FB2641FD4ADC300AC467C /* PointFooter.xib in Resources */,
				633C43E81F85C85500DAEA46 /* SmallContactTableViewCell.xib in Resources */,
				633C43F21F85DE7F00DAEA46 /* TwoLabelHeader.xib in Resources */,
				63D27202207926F5007AD36F /* success.mp3 in Resources */,
				638086CB1F81EA6A0096CEF5 /* AuthorizeContactsViewController.xib in Resources */,
				636FB2581FD469BC00AC467C /* todo.txt in Resources */,
				63CDE8551FDDB9720004296F /* ZappedPlaceholderTableViewCell.xib in Resources */,
				6370A8D01F807DAC002641D3 /* LaunchScreen.storyboard in Resources */,
				63D27203207926F5007AD36F /* points_only.mp3 in Resources */,
				63D27205207927DA007AD36F /* points_only.mp3 in Resources */,
				636FB2561FD4636500AC467C /* ButtonFooter.xib in Resources */,
				633C43E41F85C63500DAEA46 /* FeedViewController.xib in Resources */,
				63FDAA6D20814D7300E52F96 /* DueEmptyTableViewCell.xib in Resources */,
				6370A8CD1F807DAC002641D3 /* Assets.xcassets in Resources */,
				63995DA0207E664300955412 /* NotificationSettingsTableViewCell.xib in Resources */,
				63D271FF2079255B007AD36F /* points.mp3 in Resources */,
				636FB2691FD4B9AB00AC467C /* SettingsViewController.xib in Resources */,
				633C43DD1F847FB600DAEA46 /* AuthorizeNotificationsViewController.xib in Resources */,
				636FB2601FD497DA00AC467C /* BigContactTableViewCell.xib in Resources */,
				636FB26D1FD4C8F700AC467C /* SettingsTableViewCell.xib in Resources */,
				6370A8EA1F808154002641D3 /* Muli-LightItalic.ttf in Resources */,
				63B9F2CF1FEC11F90070ED3F /* ContactPickerViewController.xib in Resources */,
				6370A8EB1F808154002641D3 /* Muli-Regular.ttf in Resources */,
				63D271FE2079255B007AD36F /* bolt.mp3 in Resources */,
			);
			runOnlyForDeploymentPostprocessing = 0;
		};
		6370A8D41F807DAD002641D3 /* Resources */ = {
			isa = PBXResourcesBuildPhase;
			buildActionMask = 2147483647;
			files = (
			);
			runOnlyForDeploymentPostprocessing = 0;
		};
/* End PBXResourcesBuildPhase section */

/* Begin PBXShellScriptBuildPhase section */
		45354B27E4FC54DE37A8AA6A /* [CP] Embed Pods Frameworks */ = {
			isa = PBXShellScriptBuildPhase;
			buildActionMask = 2147483647;
			files = (
			);
			inputPaths = (
			);
			name = "[CP] Embed Pods Frameworks";
			outputPaths = (
			);
			runOnlyForDeploymentPostprocessing = 0;
			shellPath = /bin/sh;
			shellScript = "\"${SRCROOT}/Pods/Target Support Files/Pods-DailyZapTests/Pods-DailyZapTests-frameworks.sh\"\n";
			showEnvVarsInLog = 0;
		};
		8179EB6E23CB1363179D4824 /* [CP] Embed Pods Frameworks */ = {
			isa = PBXShellScriptBuildPhase;
			buildActionMask = 2147483647;
			files = (
			);
			inputPaths = (
				"${SRCROOT}/Pods/Target Support Files/Pods-DailyZap/Pods-DailyZap-frameworks.sh",
				"${BUILT_PRODUCTS_DIR}/DynamicBlurView/DynamicBlurView.framework",
				"${BUILT_PRODUCTS_DIR}/InitialsImageView/InitialsImageView.framework",
				"${BUILT_PRODUCTS_DIR}/PopupDialog/PopupDialog.framework",
				"${BUILT_PRODUCTS_DIR}/SACountingLabel/SACountingLabel.framework",
			);
			name = "[CP] Embed Pods Frameworks";
			outputPaths = (
				"${TARGET_BUILD_DIR}/${FRAMEWORKS_FOLDER_PATH}/DynamicBlurView.framework",
				"${TARGET_BUILD_DIR}/${FRAMEWORKS_FOLDER_PATH}/InitialsImageView.framework",
				"${TARGET_BUILD_DIR}/${FRAMEWORKS_FOLDER_PATH}/PopupDialog.framework",
				"${TARGET_BUILD_DIR}/${FRAMEWORKS_FOLDER_PATH}/SACountingLabel.framework",
			);
			runOnlyForDeploymentPostprocessing = 0;
			shellPath = /bin/sh;
			shellScript = "\"${SRCROOT}/Pods/Target Support Files/Pods-DailyZap/Pods-DailyZap-frameworks.sh\"\n";
			showEnvVarsInLog = 0;
		};
		8A232457F1DEED0F6462E38F /* [CP] Copy Pods Resources */ = {
			isa = PBXShellScriptBuildPhase;
			buildActionMask = 2147483647;
			files = (
			);
			inputPaths = (
			);
			name = "[CP] Copy Pods Resources";
			outputPaths = (
			);
			runOnlyForDeploymentPostprocessing = 0;
			shellPath = /bin/sh;
			shellScript = "\"${SRCROOT}/Pods/Target Support Files/Pods-DailyZap/Pods-DailyZap-resources.sh\"\n";
			showEnvVarsInLog = 0;
		};
		9B9A5119B8F36F7F500A88B4 /* [CP] Copy Pods Resources */ = {
			isa = PBXShellScriptBuildPhase;
			buildActionMask = 2147483647;
			files = (
			);
			inputPaths = (
			);
			name = "[CP] Copy Pods Resources";
			outputPaths = (
			);
			runOnlyForDeploymentPostprocessing = 0;
			shellPath = /bin/sh;
			shellScript = "\"${SRCROOT}/Pods/Target Support Files/Pods-DailyZapTests/Pods-DailyZapTests-resources.sh\"\n";
			showEnvVarsInLog = 0;
		};
		9DFCC4E6095CC895DF7E6623 /* [CP] Check Pods Manifest.lock */ = {
			isa = PBXShellScriptBuildPhase;
			buildActionMask = 2147483647;
			files = (
			);
			inputPaths = (
				"${PODS_PODFILE_DIR_PATH}/Podfile.lock",
				"${PODS_ROOT}/Manifest.lock",
			);
			name = "[CP] Check Pods Manifest.lock";
			outputPaths = (
				"$(DERIVED_FILE_DIR)/Pods-DailyZapTests-checkManifestLockResult.txt",
			);
			runOnlyForDeploymentPostprocessing = 0;
			shellPath = /bin/sh;
			shellScript = "diff \"${PODS_PODFILE_DIR_PATH}/Podfile.lock\" \"${PODS_ROOT}/Manifest.lock\" > /dev/null\nif [ $? != 0 ] ; then\n    # print error to STDERR\n    echo \"error: The sandbox is not in sync with the Podfile.lock. Run 'pod install' or update your CocoaPods installation.\" >&2\n    exit 1\nfi\n# This output is used by Xcode 'outputs' to avoid re-running this script phase.\necho \"SUCCESS\" > \"${SCRIPT_OUTPUT_FILE_0}\"\n";
			showEnvVarsInLog = 0;
		};
		D7A22407466D0FB1D5121331 /* [CP] Check Pods Manifest.lock */ = {
			isa = PBXShellScriptBuildPhase;
			buildActionMask = 2147483647;
			files = (
			);
			inputPaths = (
				"${PODS_PODFILE_DIR_PATH}/Podfile.lock",
				"${PODS_ROOT}/Manifest.lock",
			);
			name = "[CP] Check Pods Manifest.lock";
			outputPaths = (
				"$(DERIVED_FILE_DIR)/Pods-DailyZap-checkManifestLockResult.txt",
			);
			runOnlyForDeploymentPostprocessing = 0;
			shellPath = /bin/sh;
			shellScript = "diff \"${PODS_PODFILE_DIR_PATH}/Podfile.lock\" \"${PODS_ROOT}/Manifest.lock\" > /dev/null\nif [ $? != 0 ] ; then\n    # print error to STDERR\n    echo \"error: The sandbox is not in sync with the Podfile.lock. Run 'pod install' or update your CocoaPods installation.\" >&2\n    exit 1\nfi\n# This output is used by Xcode 'outputs' to avoid re-running this script phase.\necho \"SUCCESS\" > \"${SCRIPT_OUTPUT_FILE_0}\"\n";
			showEnvVarsInLog = 0;
		};
/* End PBXShellScriptBuildPhase section */

/* Begin PBXSourcesBuildPhase section */
		6370A8BE1F807DAC002641D3 /* Sources */ = {
			isa = PBXSourcesBuildPhase;
			buildActionMask = 2147483647;
			files = (
				63B9F2D41FEC15470070ED3F /* ContactPickerDataController.swift in Sources */,
				633C43E71F85C85500DAEA46 /* ContactTableViewCell.swift in Sources */,
				63D271EE2077D122007AD36F /* UIView+ZAP.swift in Sources */,
				63D271EC2077C13C007AD36F /* LightningBoltView.swift in Sources */,
				63A312FF1F93142600BA5CE1 /* Int+ZAP.swift in Sources */,
				63995DA42081072500955412 /* BasePresentationController.swift in Sources */,
				6370A8F81F808C9A002641D3 /* Label.swift in Sources */,
				636FB26C1FD4C8F700AC467C /* SettingsTableViewCell.swift in Sources */,
				6370A8FE1F8099C3002641D3 /* LandingViewController.swift in Sources */,
				636FB25A1FD4815D00AC467C /* Button.swift in Sources */,
				63A313051F94494200BA5CE1 /* Contact.swift in Sources */,
				63D271F420791137007AD36F /* BigCountingLabel.swift in Sources */,
				638086C51F81DE170096CEF5 /* AppleContactsInjector.swift in Sources */,
				63A3130D1F94550000BA5CE1 /* Feed.swift in Sources */,
				63995D9F207E664300955412 /* NotificationSettingsTableViewCell.swift in Sources */,
				637CD94B1FDB41A400892870 /* PresentationInjector.swift in Sources */,
				63B9F2D21FEC14570070ED3F /* FeedViewController.swift in Sources */,
				63B9F2D61FEC18880070ED3F /* BaseDataController.swift in Sources */,
				63FDAA6C20814D7300E52F96 /* DueEmptyTableViewCell.swift in Sources */,
				63DBF2BD208646A300C0A9DF /* ContactPickerPresentationController.swift in Sources */,
				6370A8F41F8089F1002641D3 /* BaseViewController.swift in Sources */,
				633C43EE1F85DCF300DAEA46 /* TwoLabelHeader.swift in Sources */,
				6370A8C81F807DAC002641D3 /* RootViewController.swift in Sources */,
				63A313111F94693E00BA5CE1 /* FeedDataController.swift in Sources */,
				6370A8C61F807DAC002641D3 /* AppDelegate.swift in Sources */,
				637CD94D1FDB5ADD00892870 /* NSObject+ZAP.swift in Sources */,
				63D27209207BC975007AD36F /* NotificationInjector.swift in Sources */,
				63A313011F93179300BA5CE1 /* UserDefaultsInjector.swift in Sources */,
				636FB2541FD4635B00AC467C /* ButtonFooter.swift in Sources */,
				633C43F01F85DD1200DAEA46 /* XibLoadedView.swift in Sources */,
				636FB25C1FD48A9200AC467C /* CircleImageView.swift in Sources */,
				636FB2621FD4ADB300AC467C /* PointFooter.swift in Sources */,
				63D27207207ACC48007AD36F /* PointInjector.swift in Sources */,
				63A313031F943EB500BA5CE1 /* FeedInjector.swift in Sources */,
				63995DA620810A7100955412 /* SettingsPresentationController.swift in Sources */,
				633C43EC1F85CB5A00DAEA46 /* AnalyticsInjector.swift in Sources */,
				63CDE8541FDDB9720004296F /* ZappedPlaceholderTableViewCell.swift in Sources */,
				6370A8F11F80880F002641D3 /* UIFont+ZAP.swift in Sources */,
				63B9F2CE1FEC11F90070ED3F /* ContactPickerViewController.swift in Sources */,
				63A3130B1F94519800BA5CE1 /* Date+ZAP.swift in Sources */,
				636FB2681FD4B9AB00AC467C /* SettingsViewController.swift in Sources */,
				6307A7F1207D49260076BEC8 /* Result.swift in Sources */,
				633C43D71F84757D00DAEA46 /* AlertInjector.swift in Sources */,
				63FDAA692081493B00E52F96 /* AuthorizeContactsPresentationController.swift in Sources */,
				63B9F2D11FEC129B0070ED3F /* FeedPresentationController.swift in Sources */,
				6370A9041F80B1FF002641D3 /* OnboardPageViewController.swift in Sources */,
				636FB2501FD4434900AC467C /* UIViewController+ZAP.swift in Sources */,
				633C43DC1F847FB600DAEA46 /* AuthorizeNotificationsViewController.swift in Sources */,
				63D271F920791FBA007AD36F /* SoundInjector.swift in Sources */,
				638086CA1F81EA6A0096CEF5 /* AuthorizeContactsViewController.swift in Sources */,
				6370A8EF1F80834C002641D3 /* UIColor+ZAP.swift in Sources */,
			);
			runOnlyForDeploymentPostprocessing = 0;
		};
		6370A8D21F807DAD002641D3 /* Sources */ = {
			isa = PBXSourcesBuildPhase;
			buildActionMask = 2147483647;
			files = (
				6370A8DB1F807DAD002641D3 /* DailyZapTests.swift in Sources */,
			);
			runOnlyForDeploymentPostprocessing = 0;
		};
/* End PBXSourcesBuildPhase section */

/* Begin PBXTargetDependency section */
		6370A8D81F807DAD002641D3 /* PBXTargetDependency */ = {
			isa = PBXTargetDependency;
			target = 6370A8C11F807DAC002641D3 /* DailyZap */;
			targetProxy = 6370A8D71F807DAD002641D3 /* PBXContainerItemProxy */;
		};
/* End PBXTargetDependency section */

/* Begin PBXVariantGroup section */
		6370A8CE1F807DAC002641D3 /* LaunchScreen.storyboard */ = {
			isa = PBXVariantGroup;
			children = (
				6370A8CF1F807DAC002641D3 /* Base */,
			);
			name = LaunchScreen.storyboard;
			sourceTree = "<group>";
		};
/* End PBXVariantGroup section */

/* Begin XCBuildConfiguration section */
		6370A8DD1F807DAD002641D3 /* Debug */ = {
			isa = XCBuildConfiguration;
			buildSettings = {
				ALWAYS_SEARCH_USER_PATHS = NO;
				CLANG_ANALYZER_NONNULL = YES;
				CLANG_ANALYZER_NUMBER_OBJECT_CONVERSION = YES_AGGRESSIVE;
				CLANG_CXX_LANGUAGE_STANDARD = "gnu++14";
				CLANG_CXX_LIBRARY = "libc++";
				CLANG_ENABLE_MODULES = YES;
				CLANG_ENABLE_OBJC_ARC = YES;
				CLANG_WARN_BLOCK_CAPTURE_AUTORELEASING = YES;
				CLANG_WARN_BOOL_CONVERSION = YES;
				CLANG_WARN_COMMA = YES;
				CLANG_WARN_CONSTANT_CONVERSION = YES;
				CLANG_WARN_DIRECT_OBJC_ISA_USAGE = YES_ERROR;
				CLANG_WARN_DOCUMENTATION_COMMENTS = YES;
				CLANG_WARN_EMPTY_BODY = YES;
				CLANG_WARN_ENUM_CONVERSION = YES;
				CLANG_WARN_INFINITE_RECURSION = YES;
				CLANG_WARN_INT_CONVERSION = YES;
				CLANG_WARN_NON_LITERAL_NULL_CONVERSION = YES;
				CLANG_WARN_OBJC_LITERAL_CONVERSION = YES;
				CLANG_WARN_OBJC_ROOT_CLASS = YES_ERROR;
				CLANG_WARN_RANGE_LOOP_ANALYSIS = YES;
				CLANG_WARN_STRICT_PROTOTYPES = YES;
				CLANG_WARN_SUSPICIOUS_MOVE = YES;
				CLANG_WARN_UNGUARDED_AVAILABILITY = YES_AGGRESSIVE;
				CLANG_WARN_UNREACHABLE_CODE = YES;
				CLANG_WARN__DUPLICATE_METHOD_MATCH = YES;
				CODE_SIGN_IDENTITY = "iPhone Developer";
				COPY_PHASE_STRIP = NO;
				DEBUG_INFORMATION_FORMAT = dwarf;
				ENABLE_STRICT_OBJC_MSGSEND = YES;
				ENABLE_TESTABILITY = YES;
				GCC_C_LANGUAGE_STANDARD = gnu11;
				GCC_DYNAMIC_NO_PIC = NO;
				GCC_NO_COMMON_BLOCKS = YES;
				GCC_OPTIMIZATION_LEVEL = 0;
				GCC_PREPROCESSOR_DEFINITIONS = (
					"DEBUG=1",
					"$(inherited)",
				);
				GCC_WARN_64_TO_32_BIT_CONVERSION = YES;
				GCC_WARN_ABOUT_RETURN_TYPE = YES_ERROR;
				GCC_WARN_UNDECLARED_SELECTOR = YES;
				GCC_WARN_UNINITIALIZED_AUTOS = YES_AGGRESSIVE;
				GCC_WARN_UNUSED_FUNCTION = YES;
				GCC_WARN_UNUSED_VARIABLE = YES;
				IPHONEOS_DEPLOYMENT_TARGET = 10.3;
				MTL_ENABLE_DEBUG_INFO = YES;
				ONLY_ACTIVE_ARCH = YES;
				SDKROOT = iphoneos;
				SWIFT_ACTIVE_COMPILATION_CONDITIONS = DEBUG;
				SWIFT_OPTIMIZATION_LEVEL = "-Onone";
			};
			name = Debug;
		};
		6370A8DE1F807DAD002641D3 /* Release */ = {
			isa = XCBuildConfiguration;
			buildSettings = {
				ALWAYS_SEARCH_USER_PATHS = NO;
				CLANG_ANALYZER_NONNULL = YES;
				CLANG_ANALYZER_NUMBER_OBJECT_CONVERSION = YES_AGGRESSIVE;
				CLANG_CXX_LANGUAGE_STANDARD = "gnu++14";
				CLANG_CXX_LIBRARY = "libc++";
				CLANG_ENABLE_MODULES = YES;
				CLANG_ENABLE_OBJC_ARC = YES;
				CLANG_WARN_BLOCK_CAPTURE_AUTORELEASING = YES;
				CLANG_WARN_BOOL_CONVERSION = YES;
				CLANG_WARN_COMMA = YES;
				CLANG_WARN_CONSTANT_CONVERSION = YES;
				CLANG_WARN_DIRECT_OBJC_ISA_USAGE = YES_ERROR;
				CLANG_WARN_DOCUMENTATION_COMMENTS = YES;
				CLANG_WARN_EMPTY_BODY = YES;
				CLANG_WARN_ENUM_CONVERSION = YES;
				CLANG_WARN_INFINITE_RECURSION = YES;
				CLANG_WARN_INT_CONVERSION = YES;
				CLANG_WARN_NON_LITERAL_NULL_CONVERSION = YES;
				CLANG_WARN_OBJC_LITERAL_CONVERSION = YES;
				CLANG_WARN_OBJC_ROOT_CLASS = YES_ERROR;
				CLANG_WARN_RANGE_LOOP_ANALYSIS = YES;
				CLANG_WARN_STRICT_PROTOTYPES = YES;
				CLANG_WARN_SUSPICIOUS_MOVE = YES;
				CLANG_WARN_UNGUARDED_AVAILABILITY = YES_AGGRESSIVE;
				CLANG_WARN_UNREACHABLE_CODE = YES;
				CLANG_WARN__DUPLICATE_METHOD_MATCH = YES;
				CODE_SIGN_IDENTITY = "iPhone Developer";
				COPY_PHASE_STRIP = NO;
				DEBUG_INFORMATION_FORMAT = "dwarf-with-dsym";
				ENABLE_NS_ASSERTIONS = NO;
				ENABLE_STRICT_OBJC_MSGSEND = YES;
				GCC_C_LANGUAGE_STANDARD = gnu11;
				GCC_NO_COMMON_BLOCKS = YES;
				GCC_WARN_64_TO_32_BIT_CONVERSION = YES;
				GCC_WARN_ABOUT_RETURN_TYPE = YES_ERROR;
				GCC_WARN_UNDECLARED_SELECTOR = YES;
				GCC_WARN_UNINITIALIZED_AUTOS = YES_AGGRESSIVE;
				GCC_WARN_UNUSED_FUNCTION = YES;
				GCC_WARN_UNUSED_VARIABLE = YES;
				IPHONEOS_DEPLOYMENT_TARGET = 10.3;
				MTL_ENABLE_DEBUG_INFO = NO;
				SDKROOT = iphoneos;
				SWIFT_OPTIMIZATION_LEVEL = "-Owholemodule";
				VALIDATE_PRODUCT = YES;
			};
			name = Release;
		};
		6370A8E01F807DAD002641D3 /* Debug */ = {
			isa = XCBuildConfiguration;
			baseConfigurationReference = FA6756942DCB5BD671DBC095 /* Pods-DailyZap.debug.xcconfig */;
			buildSettings = {
				ASSETCATALOG_COMPILER_APPICON_NAME = AppIcon;
				CODE_SIGN_STYLE = Automatic;
				DEVELOPMENT_TEAM = 88J4VM6686;
				INFOPLIST_FILE = DailyZap/Info.plist;
				IPHONEOS_DEPLOYMENT_TARGET = 10.0;
				LD_RUNPATH_SEARCH_PATHS = "$(inherited) @executable_path/Frameworks";
				PRODUCT_BUNDLE_IDENTIFIER = com.dqlobo.DailyZap;
				PRODUCT_NAME = "$(TARGET_NAME)";
				SWIFT_VERSION = 4.0;
				TARGETED_DEVICE_FAMILY = "1,2";
			};
			name = Debug;
		};
		6370A8E11F807DAD002641D3 /* Release */ = {
			isa = XCBuildConfiguration;
			baseConfigurationReference = 8B6C9C7C0AF1E4EEEDAF5B7B /* Pods-DailyZap.release.xcconfig */;
			buildSettings = {
				ASSETCATALOG_COMPILER_APPICON_NAME = AppIcon;
				CODE_SIGN_STYLE = Automatic;
				DEVELOPMENT_TEAM = 88J4VM6686;
				INFOPLIST_FILE = DailyZap/Info.plist;
				IPHONEOS_DEPLOYMENT_TARGET = 10.0;
				LD_RUNPATH_SEARCH_PATHS = "$(inherited) @executable_path/Frameworks";
				PRODUCT_BUNDLE_IDENTIFIER = com.dqlobo.DailyZap;
				PRODUCT_NAME = "$(TARGET_NAME)";
				SWIFT_VERSION = 4.0;
				TARGETED_DEVICE_FAMILY = "1,2";
			};
			name = Release;
		};
		6370A8E31F807DAD002641D3 /* Debug */ = {
			isa = XCBuildConfiguration;
			baseConfigurationReference = A24962998F3D6CC3A716BDB0 /* Pods-DailyZapTests.debug.xcconfig */;
			buildSettings = {
				ALWAYS_EMBED_SWIFT_STANDARD_LIBRARIES = YES;
				BUNDLE_LOADER = "$(TEST_HOST)";
				CODE_SIGN_STYLE = Automatic;
				DEVELOPMENT_TEAM = 88J4VM6686;
				INFOPLIST_FILE = DailyZapTests/Info.plist;
				LD_RUNPATH_SEARCH_PATHS = "$(inherited) @executable_path/Frameworks @loader_path/Frameworks";
				PRODUCT_BUNDLE_IDENTIFIER = dqlobo.DailyZapTests;
				PRODUCT_NAME = "$(TARGET_NAME)";
				SWIFT_VERSION = 4.0;
				TARGETED_DEVICE_FAMILY = "1,2";
				TEST_HOST = "$(BUILT_PRODUCTS_DIR)/DailyZap.app/DailyZap";
			};
			name = Debug;
		};
		6370A8E41F807DAD002641D3 /* Release */ = {
			isa = XCBuildConfiguration;
			baseConfigurationReference = 4937B9CA0563215C57864F2E /* Pods-DailyZapTests.release.xcconfig */;
			buildSettings = {
				ALWAYS_EMBED_SWIFT_STANDARD_LIBRARIES = YES;
				BUNDLE_LOADER = "$(TEST_HOST)";
				CODE_SIGN_STYLE = Automatic;
				DEVELOPMENT_TEAM = 88J4VM6686;
				INFOPLIST_FILE = DailyZapTests/Info.plist;
				LD_RUNPATH_SEARCH_PATHS = "$(inherited) @executable_path/Frameworks @loader_path/Frameworks";
				PRODUCT_BUNDLE_IDENTIFIER = dqlobo.DailyZapTests;
				PRODUCT_NAME = "$(TARGET_NAME)";
				SWIFT_VERSION = 4.0;
				TARGETED_DEVICE_FAMILY = "1,2";
				TEST_HOST = "$(BUILT_PRODUCTS_DIR)/DailyZap.app/DailyZap";
			};
			name = Release;
		};
/* End XCBuildConfiguration section */

/* Begin XCConfigurationList section */
		6370A8BD1F807DAC002641D3 /* Build configuration list for PBXProject "DailyZap" */ = {
			isa = XCConfigurationList;
			buildConfigurations = (
				6370A8DD1F807DAD002641D3 /* Debug */,
				6370A8DE1F807DAD002641D3 /* Release */,
			);
			defaultConfigurationIsVisible = 0;
			defaultConfigurationName = Release;
		};
		6370A8DF1F807DAD002641D3 /* Build configuration list for PBXNativeTarget "DailyZap" */ = {
			isa = XCConfigurationList;
			buildConfigurations = (
				6370A8E01F807DAD002641D3 /* Debug */,
				6370A8E11F807DAD002641D3 /* Release */,
			);
			defaultConfigurationIsVisible = 0;
			defaultConfigurationName = Release;
		};
		6370A8E21F807DAD002641D3 /* Build configuration list for PBXNativeTarget "DailyZapTests" */ = {
			isa = XCConfigurationList;
			buildConfigurations = (
				6370A8E31F807DAD002641D3 /* Debug */,
				6370A8E41F807DAD002641D3 /* Release */,
			);
			defaultConfigurationIsVisible = 0;
			defaultConfigurationName = Release;
		};
/* End XCConfigurationList section */
	};
	rootObject = 6370A8BA1F807DAC002641D3 /* Project object */;
}
